
Microsoft Visual Studio Solution File, Format Version 12.00
# Visual Studio Version 17
VisualStudioVersion = 17.13.35919.96
MinimumVisualStudioVersion = 10.0.40219.1
Project("{FAE04EC0-301F-11D3-BF4B-00C04F79EFBC}") = "Server", "Server\Server.csproj", "{51056C8C-1CFE-45AF-855E-E37D94C6D250}"
EndProject
Project("{FAE04EC0-301F-11D3-BF4B-00C04F79EFBC}") = "Client", "Client\Client.csproj", "{83E5E23D-079E-4442-8FCA-A8AAF173084D}"
EndProject
Project("{FAE04EC0-301F-11D3-BF4B-00C04F79EFBC}") = "BaseLibrary", "BaseLibrary\BaseLibrary.csproj", "{1786A45B-1DB6-4C23-94FE-0E59E66C59BF}"
EndProject
Project("{FAE04EC0-301F-11D3-BF4B-00C04F79EFBC}") = "ClientLibrary", "ClientLibrary\ClientLibrary.csproj", "{0A57BF24-2DB2-44F5-991E-C4E85FB04758}"
EndProject
Project("{FAE04EC0-301F-11D3-BF4B-00C04F79EFBC}") = "ServerLibrary", "ServerLibrary\ServerLibrary.csproj", "{45A7816B-274C-45CA-A204-B832D59738F8}"
EndProject
Global
	GlobalSection(SolutionConfigurationPlatforms) = preSolution
		Debug|Any CPU = Debug|Any CPU
		Release|Any CPU = Release|Any CPU
	EndGlobalSection
	GlobalSection(ProjectConfigurationPlatforms) = postSolution
		{51056C8C-1CFE-45AF-855E-E37D94C6D250}.Debug|Any CPU.ActiveCfg = Debug|Any CPU
		{51056C8C-1CFE-45AF-855E-E37D94C6D250}.Debug|Any CPU.Build.0 = Debug|Any CPU
		{51056C8C-1CFE-45AF-855E-E37D94C6D250}.Release|Any CPU.ActiveCfg = Release|Any CPU
		{51056C8C-1CFE-45AF-855E-E37D94C6D250}.Release|Any CPU.Build.0 = Release|Any CPU
		{83E5E23D-079E-4442-8FCA-A8AAF173084D}.Debug|Any CPU.ActiveCfg = Debug|Any CPU
		{83E5E23D-079E-4442-8FCA-A8AAF173084D}.Debug|Any CPU.Build.0 = Debug|Any CPU
		{83E5E23D-079E-4442-8FCA-A8AAF173084D}.Release|Any CPU.ActiveCfg = Release|Any CPU
		{83E5E23D-079E-4442-8FCA-A8AAF173084D}.Release|Any CPU.Build.0 = Release|Any CPU
		{1786A45B-1DB6-4C23-94FE-0E59E66C59BF}.Debug|Any CPU.ActiveCfg = Debug|Any CPU
		{1786A45B-1DB6-4C23-94FE-0E59E66C59BF}.Debug|Any CPU.Build.0 = Debug|Any CPU
		{1786A45B-1DB6-4C23-94FE-0E59E66C59BF}.Release|Any CPU.ActiveCfg = Release|Any CPU
		{1786A45B-1DB6-4C23-94FE-0E59E66C59BF}.Release|Any CPU.Build.0 = Release|Any CPU
		{0A57BF24-2DB2-44F5-991E-C4E85FB04758}.Debug|Any CPU.ActiveCfg = Debug|Any CPU
		{0A57BF24-2DB2-44F5-991E-C4E85FB04758}.Debug|Any CPU.Build.0 = Debug|Any CPU
		{0A57BF24-2DB2-44F5-991E-C4E85FB04758}.Release|Any CPU.ActiveCfg = Release|Any CPU
		{0A57BF24-2DB2-44F5-991E-C4E85FB04758}.Release|Any CPU.Build.0 = Release|Any CPU
		{45A7816B-274C-45CA-A204-B832D59738F8}.Debug|Any CPU.ActiveCfg = Debug|Any CPU
		{45A7816B-274C-45CA-A204-B832D59738F8}.Debug|Any CPU.Build.0 = Debug|Any CPU
		{45A7816B-274C-45CA-A204-B832D59738F8}.Release|Any CPU.ActiveCfg = Release|Any CPU
		{45A7816B-274C-45CA-A204-B832D59738F8}.Release|Any CPU.Build.0 = Release|Any CPU
	EndGlobalSection
	GlobalSection(SolutionProperties) = preSolution
		HideSolutionNode = FALSE
	EndGlobalSection
	GlobalSection(ExtensibilityGlobals) = postSolution
		SolutionGuid = {E1A83AD4-BB91-4318-9D35-950C071A549D}
	EndGlobalSection
EndGlobal
